
Microsoft Visual Studio Solution File, Format Version 12.00
# Visual Studio Version 17
VisualStudioVersion = 17.7.34003.232
MinimumVisualStudioVersion = 10.0.40219.1
Project("{FAE04EC0-301F-11D3-BF4B-00C04F79EFBC}") = "pertemuan9", "pertemuan9.csproj", "{E0AB063E-9A06-496D-B0D5-1FE6E6721BDB}"
EndProject
Global
	GlobalSection(SolutionConfigurationPlatforms) = preSolution
		Debug|Any CPU = Debug|Any CPU
		Release|Any CPU = Release|Any CPU
	EndGlobalSection
	GlobalSection(ProjectConfigurationPlatforms) = postSolution
		{E0AB063E-9A06-496D-B0D5-1FE6E6721BDB}.Debug|Any CPU.ActiveCfg = Debug|Any CPU
		{E0AB063E-9A06-496D-B0D5-1FE6E6721BDB}.Debug|Any CPU.Build.0 = Debug|Any CPU
		{E0AB063E-9A06-496D-B0D5-1FE6E6721BDB}.Release|Any CPU.ActiveCfg = Release|Any CPU
		{E0AB063E-9A06-496D-B0D5-1FE6E6721BDB}.Release|Any CPU.Build.0 = Release|Any CPU
	EndGlobalSection
	GlobalSection(SolutionProperties) = preSolution
		HideSolutionNode = FALSE
	EndGlobalSection
	GlobalSection(ExtensibilityGlobals) = postSolution
		SolutionGuid = {3AD35E53-30E5-4183-8245-93D234EE5F37}
	EndGlobalSection
EndGlobal
